# This file is automatically @generated by Cargo.
# It is not intended for manual editing.
version = 4

[[package]]
name = "HashViz"
version = "0.1.0"
dependencies = [
 "xxhash-rust",
]

[[package]]
name = "xxhash-rust"
version = "0.8.19"
source = "registry+https://github.com/rust-lang/crates.io-index"
checksum = "550a2b930b62486a393c52d5c3b84bff264b28aa437ed64694d31e93b1757af7"
